
Microsoft Visual Studio Solution File, Format Version 12.00
# Visual Studio Version 16
VisualStudioVersion = 16.0.30717.126
MinimumVisualStudioVersion = 10.0.40219.1
Project("{9A19103F-16F7-4668-BE54-9A1E7A4F7556}") = "Basket.Service", "Basket.Service\Basket.Service.csproj", "{60731CE3-FFFE-4585-9C39-1E8A08EED555}"
EndProject
Project("{9A19103F-16F7-4668-BE54-9A1E7A4F7556}") = "Basket.Domain", "Basket.Domain\Basket.Domain.csproj", "{0AA01A7F-9C4E-4160-9FDF-F12B43B26381}"
EndProject
Project("{9A19103F-16F7-4668-BE54-9A1E7A4F7556}") = "Basket.UnitTest", "Basket.Service.UnitTest\Basket.UnitTest.csproj", "{337D82B2-D40E-4B1E-A3CE-62EC269A763E}"
EndProject
Project("{9A19103F-16F7-4668-BE54-9A1E7A4F7556}") = "Basket.Infrastructure", "Basket.Infrastructure\Basket.Infrastructure.csproj", "{19857C0B-87F1-45E0-B585-4AACE741033F}"
EndProject
Project("{FAE04EC0-301F-11D3-BF4B-00C04F79EFBC}") = "Basket.IntegrationTest", "Basket.IntegrationTest\Basket.IntegrationTest.csproj", "{F3590137-FC91-4715-8674-FF32AAD1115A}"
EndProject
Global
	GlobalSection(SolutionConfigurationPlatforms) = preSolution
		Debug|Any CPU = Debug|Any CPU
		Release|Any CPU = Release|Any CPU
	EndGlobalSection
	GlobalSection(ProjectConfigurationPlatforms) = postSolution
		{60731CE3-FFFE-4585-9C39-1E8A08EED555}.Debug|Any CPU.ActiveCfg = Debug|Any CPU
		{60731CE3-FFFE-4585-9C39-1E8A08EED555}.Debug|Any CPU.Build.0 = Debug|Any CPU
		{60731CE3-FFFE-4585-9C39-1E8A08EED555}.Release|Any CPU.ActiveCfg = Release|Any CPU
		{60731CE3-FFFE-4585-9C39-1E8A08EED555}.Release|Any CPU.Build.0 = Release|Any CPU
		{0AA01A7F-9C4E-4160-9FDF-F12B43B26381}.Debug|Any CPU.ActiveCfg = Debug|Any CPU
		{0AA01A7F-9C4E-4160-9FDF-F12B43B26381}.Debug|Any CPU.Build.0 = Debug|Any CPU
		{0AA01A7F-9C4E-4160-9FDF-F12B43B26381}.Release|Any CPU.ActiveCfg = Release|Any CPU
		{0AA01A7F-9C4E-4160-9FDF-F12B43B26381}.Release|Any CPU.Build.0 = Release|Any CPU
		{337D82B2-D40E-4B1E-A3CE-62EC269A763E}.Debug|Any CPU.ActiveCfg = Debug|Any CPU
		{337D82B2-D40E-4B1E-A3CE-62EC269A763E}.Debug|Any CPU.Build.0 = Debug|Any CPU
		{337D82B2-D40E-4B1E-A3CE-62EC269A763E}.Release|Any CPU.ActiveCfg = Release|Any CPU
		{337D82B2-D40E-4B1E-A3CE-62EC269A763E}.Release|Any CPU.Build.0 = Release|Any CPU
		{19857C0B-87F1-45E0-B585-4AACE741033F}.Debug|Any CPU.ActiveCfg = Debug|Any CPU
		{19857C0B-87F1-45E0-B585-4AACE741033F}.Debug|Any CPU.Build.0 = Debug|Any CPU
		{19857C0B-87F1-45E0-B585-4AACE741033F}.Release|Any CPU.ActiveCfg = Release|Any CPU
		{19857C0B-87F1-45E0-B585-4AACE741033F}.Release|Any CPU.Build.0 = Release|Any CPU
		{F3590137-FC91-4715-8674-FF32AAD1115A}.Debug|Any CPU.ActiveCfg = Debug|Any CPU
		{F3590137-FC91-4715-8674-FF32AAD1115A}.Debug|Any CPU.Build.0 = Debug|Any CPU
		{F3590137-FC91-4715-8674-FF32AAD1115A}.Release|Any CPU.ActiveCfg = Release|Any CPU
		{F3590137-FC91-4715-8674-FF32AAD1115A}.Release|Any CPU.Build.0 = Release|Any CPU
	EndGlobalSection
	GlobalSection(SolutionProperties) = preSolution
		HideSolutionNode = FALSE
	EndGlobalSection
	GlobalSection(ExtensibilityGlobals) = postSolution
		SolutionGuid = {082123A8-5F64-4297-A7B3-306FFD60B2B5}
	EndGlobalSection
EndGlobal
